
Microsoft Visual Studio Solution File, Format Version 12.00
# Visual Studio Version 16
VisualStudioVersion = 16.0.30204.135
MinimumVisualStudioVersion = 10.0.40219.1
Project("{FAE04EC0-301F-11D3-BF4B-00C04F79EFBC}") = "SavingData", "SavingData\SavingData.csproj", "{2CC6625F-3FBE-4817-B089-3C2F05D44F4D}"
EndProject
Global
	GlobalSection(SolutionConfigurationPlatforms) = preSolution
		Debug|Any CPU = Debug|Any CPU
		Release|Any CPU = Release|Any CPU
	EndGlobalSection
	GlobalSection(ProjectConfigurationPlatforms) = postSolution
		{2CC6625F-3FBE-4817-B089-3C2F05D44F4D}.Debug|Any CPU.ActiveCfg = Debug|Any CPU
		{2CC6625F-3FBE-4817-B089-3C2F05D44F4D}.Debug|Any CPU.Build.0 = Debug|Any CPU
		{2CC6625F-3FBE-4817-B089-3C2F05D44F4D}.Release|Any CPU.ActiveCfg = Release|Any CPU
		{2CC6625F-3FBE-4817-B089-3C2F05D44F4D}.Release|Any CPU.Build.0 = Release|Any CPU
	EndGlobalSection
	GlobalSection(SolutionProperties) = preSolution
		HideSolutionNode = FALSE
	EndGlobalSection
	GlobalSection(ExtensibilityGlobals) = postSolution
		SolutionGuid = {B5C4DF81-26DF-4460-9E30-E0148F87B7E1}
	EndGlobalSection
EndGlobal
